
Microsoft Visual Studio Solution File, Format Version 12.00
# Visual Studio Version 16
VisualStudioVersion = 16.0.32002.261
MinimumVisualStudioVersion = 10.0.40219.1
Project("{8BC9CEB8-8B4A-11D0-8D11-00A0C91BC942}") = "2DFrameWork", "2DFrameWork\2DFrameWork.vcxproj", "{C2138BC9-A195-455F-91A6-5FF469EB5E61}"
EndProject
Project("{8BC9CEB8-8B4A-11D0-8D11-00A0C91BC942}") = "Game1", "Game1\Game1.vcxproj", "{62755BC4-7433-469B-8413-314F6EC62971}"
	ProjectSection(ProjectDependencies) = postProject
		{C2138BC9-A195-455F-91A6-5FF469EB5E61} = {C2138BC9-A195-455F-91A6-5FF469EB5E61}
	EndProjectSection
EndProject
Project("{8BC9CEB8-8B4A-11D0-8D11-00A0C91BC942}") = "Game2", "Game2\Game2.vcxproj", "{E4AABC26-46D5-436A-BE00-FF12933156D1}"
	ProjectSection(ProjectDependencies) = postProject
		{C2138BC9-A195-455F-91A6-5FF469EB5E61} = {C2138BC9-A195-455F-91A6-5FF469EB5E61}
	EndProjectSection
EndProject
Project("{2150E333-8FDC-42A3-9474-1A3956D46DE8}") = "Shaders", "Shaders", "{6498BC6D-79F3-44EF-806D-3CB449E9F69E}"
	ProjectSection(SolutionItems) = preProject
		..\플레이어클래스완료\Shaders\0.Cube.hlsl = ..\플레이어클래스완료\Shaders\0.Cube.hlsl
		..\플레이어클래스완료\Shaders\1.Collider.hlsl = ..\플레이어클래스완료\Shaders\1.Collider.hlsl
		..\플레이어클래스완료\Shaders\1.Cube.hlsl = ..\플레이어클래스완료\Shaders\1.Cube.hlsl
		..\플레이어클래스완료\Shaders\1.UI.hlsl = ..\플레이어클래스완료\Shaders\1.UI.hlsl
		..\플레이어클래스완료\Shaders\6.Cube.hlsl = ..\플레이어클래스완료\Shaders\6.Cube.hlsl
		..\플레이어클래스완료\Shaders\6.UI.hlsl = ..\플레이어클래스완료\Shaders\6.UI.hlsl
		..\플레이어클래스완료\Shaders\Common.hlsl = ..\플레이어클래스완료\Shaders\Common.hlsl
	EndProjectSection
EndProject
Project("{2150E333-8FDC-42A3-9474-1A3956D46DE8}") = "GameObject", "GameObject", "{02D83A04-620D-48C6-B4E7-41AB710F9687}"
	ProjectSection(SolutionItems) = preProject
		Contents\GameObject\Background.xml = Contents\GameObject\Background.xml
		Contents\GameObject\Background2.xml = Contents\GameObject\Background2.xml
		Contents\GameObject\Background3.xml = Contents\GameObject\Background3.xml
		Contents\GameObject\Bg.xml = Contents\GameObject\Bg.xml
		Contents\GameObject\Bg2.xml = Contents\GameObject\Bg2.xml
		Contents\GameObject\Button.xml = Contents\GameObject\Button.xml
		Contents\GameObject\Cam.xml = Contents\GameObject\Cam.xml
		Contents\GameObject\Cam2.xml = Contents\GameObject\Cam2.xml
		Contents\GameObject\campause1.xml = Contents\GameObject\campause1.xml
		Contents\GameObject\campause2.xml = Contents\GameObject\campause2.xml
		Contents\GameObject\Deadpool.xml = Contents\GameObject\Deadpool.xml
		Contents\GameObject\Duck.xml = Contents\GameObject\Duck.xml
		Contents\GameObject\exitbutton.xml = Contents\GameObject\exitbutton.xml
		..\..\..\..\Desktop\D3D (1)\Contents\GameObject\game_ui(1).xml = ..\..\..\..\Desktop\D3D (1)\Contents\GameObject\game_ui(1).xml
		Contents\GameObject\game_ui.xml = Contents\GameObject\game_ui.xml
		Contents\GameObject\Grid.xml = Contents\GameObject\Grid.xml
		Contents\GameObject\Human.xml = Contents\GameObject\Human.xml
		Contents\GameObject\jaejin_human.xml = Contents\GameObject\jaejin_human.xml
		Contents\GameObject\Logo.xml = Contents\GameObject\Logo.xml
		Contents\GameObject\man.xml = Contents\GameObject\man.xml
		Contents\GameObject\paper.xml = Contents\GameObject\paper.xml
		Contents\GameObject\pausebutton.xml = Contents\GameObject\pausebutton.xml
		Contents\GameObject\Plane.xml = Contents\GameObject\Plane.xml
		Contents\GameObject\playbutton.xml = Contents\GameObject\playbutton.xml
		Contents\GameObject\rock.xml = Contents\GameObject\rock.xml
		Contents\GameObject\Shere3.xml = Contents\GameObject\Shere3.xml
		Contents\GameObject\sisser.xml = Contents\GameObject\sisser.xml
		Contents\GameObject\Spear.xml = Contents\GameObject\Spear.xml
		Contents\GameObject\Sphere.xml = Contents\GameObject\Sphere.xml
		Contents\GameObject\Sphere2.xml = Contents\GameObject\Sphere2.xml
		Contents\GameObject\Sphere3.xml = Contents\GameObject\Sphere3.xml
		Contents\GameObject\Sun.xml = Contents\GameObject\Sun.xml
		Contents\GameObject\Swim.xml = Contents\GameObject\Swim.xml
		Contents\GameObject\Swim2.xml = Contents\GameObject\Swim2.xml
		Contents\GameObject\Swim3.xml = Contents\GameObject\Swim3.xml
		Contents\GameObject\SwimDrown0.xml = Contents\GameObject\SwimDrown0.xml
		Contents\GameObject\SwimDrown0turn.xml = Contents\GameObject\SwimDrown0turn.xml
		Contents\GameObject\SwimDrown1.xml = Contents\GameObject\SwimDrown1.xml
		Contents\GameObject\SwimDrown1turn.xml = Contents\GameObject\SwimDrown1turn.xml
		Contents\GameObject\SwimDrown2.xml = Contents\GameObject\SwimDrown2.xml
		Contents\GameObject\SwimDrown2turn.xml = Contents\GameObject\SwimDrown2turn.xml
		Contents\GameObject\SwimDrown3.xml = Contents\GameObject\SwimDrown3.xml
		Contents\GameObject\SwimDrown3turn.xml = Contents\GameObject\SwimDrown3turn.xml
		Contents\GameObject\SwimIdle0.xml = Contents\GameObject\SwimIdle0.xml
		Contents\GameObject\SwimIdle0turn.xml = Contents\GameObject\SwimIdle0turn.xml
		Contents\GameObject\SwimIdle1.xml = Contents\GameObject\SwimIdle1.xml
		Contents\GameObject\SwimIdle1turn.xml = Contents\GameObject\SwimIdle1turn.xml
		Contents\GameObject\SwimIng0.xml = Contents\GameObject\SwimIng0.xml
		Contents\GameObject\SwimIng0turn.xml = Contents\GameObject\SwimIng0turn.xml
		Contents\GameObject\SwimIng1.xml = Contents\GameObject\SwimIng1.xml
		Contents\GameObject\SwimIng1turn.xml = Contents\GameObject\SwimIng1turn.xml
		Contents\GameObject\SwimIng2.xml = Contents\GameObject\SwimIng2.xml
		Contents\GameObject\SwimIng2turn.xml = Contents\GameObject\SwimIng2turn.xml
		Contents\GameObject\SwimIng3.xml = Contents\GameObject\SwimIng3.xml
		Contents\GameObject\SwimIng3turn.xml = Contents\GameObject\SwimIng3turn.xml
		Contents\GameObject\SwimLose0.xml = Contents\GameObject\SwimLose0.xml
		Contents\GameObject\SwimLose1.xml = Contents\GameObject\SwimLose1.xml
		Contents\GameObject\SwimLose2.xml = Contents\GameObject\SwimLose2.xml
		Contents\GameObject\SwimLose3.xml = Contents\GameObject\SwimLose3.xml
		Contents\GameObject\swimmingPool.xml = Contents\GameObject\swimmingPool.xml
		..\새 폴더\swimmingPool2.xml = ..\새 폴더\swimmingPool2.xml
		Contents\GameObject\SwimWin0.xml = Contents\GameObject\SwimWin0.xml
		Contents\GameObject\SwimWin1.xml = Contents\GameObject\SwimWin1.xml
		Contents\GameObject\SwimWin2.xml = Contents\GameObject\SwimWin2.xml
		Contents\GameObject\SwimWin3.xml = Contents\GameObject\SwimWin3.xml
		Contents\GameObject\VS.xml = Contents\GameObject\VS.xml
		Contents\GameObject\win.xml = Contents\GameObject\win.xml
		Contents\GameObject\XMLTest.xml = Contents\GameObject\XMLTest.xml
	EndProjectSection
EndProject
Project("{2150E333-8FDC-42A3-9474-1A3956D46DE8}") = "Mesh", "Mesh", "{FAEE2CC2-F109-48EC-9EF9-FB41BAB78751}"
	ProjectSection(SolutionItems) = preProject
		Contents\Mesh\0.Rect.mesh = Contents\Mesh\0.Rect.mesh
		Contents\Mesh\0.Rect2.mesh = Contents\Mesh\0.Rect2.mesh
		Contents\Mesh\1.BoxCollider.mesh = Contents\Mesh\1.BoxCollider.mesh
		Contents\Mesh\1.Circle.mesh = Contents\Mesh\1.Circle.mesh
		Contents\Mesh\1.Cube.mesh = Contents\Mesh\1.Cube.mesh
		Contents\Mesh\1.Grid.mesh = Contents\Mesh\1.Grid.mesh
		Contents\Mesh\1.Point.mesh = Contents\Mesh\1.Point.mesh
		Contents\Mesh\1.Rect.mesh = Contents\Mesh\1.Rect.mesh
		Contents\Mesh\1.Sphere.mesh = Contents\Mesh\1.Sphere.mesh
		Contents\Mesh\1.SphereCollider.mesh = Contents\Mesh\1.SphereCollider.mesh
		Contents\Mesh\1.Transform.mesh = Contents\Mesh\1.Transform.mesh
		Contents\Mesh\6.Edit.mesh = Contents\Mesh\6.Edit.mesh
		Contents\Mesh\6.Edit1.mesh = Contents\Mesh\6.Edit1.mesh
		Contents\Mesh\6.Edit2.mesh = Contents\Mesh\6.Edit2.mesh
		Contents\Mesh\6.Edit3.mesh = Contents\Mesh\6.Edit3.mesh
		Contents\Mesh\6.Edit4.mesh = Contents\Mesh\6.Edit4.mesh
		Contents\Mesh\6.Edit5.mesh = Contents\Mesh\6.Edit5.mesh
		Contents\Mesh\6.Edit6.mesh = Contents\Mesh\6.Edit6.mesh
		Contents\Mesh\6.Edit7.mesh = Contents\Mesh\6.Edit7.mesh
		Contents\Mesh\6.FrontWall.mesh = Contents\Mesh\6.FrontWall.mesh
		Contents\Mesh\6.SideWall.mesh = Contents\Mesh\6.SideWall.mesh
		Contents\Mesh\6.Swimplane.mesh = Contents\Mesh\6.Swimplane.mesh
		Contents\Mesh\6.UI.mesh = Contents\Mesh\6.UI.mesh
		Contents\Mesh\6.Water.mesh = Contents\Mesh\6.Water.mesh
		Contents\Mesh\Arm.mesh = Contents\Mesh\Arm.mesh
		Contents\Mesh\Arm2.mesh = Contents\Mesh\Arm2.mesh
		Contents\Mesh\Body.mesh = Contents\Mesh\Body.mesh
		Contents\Mesh\Body2.mesh = Contents\Mesh\Body2.mesh
		Contents\Mesh\Circle.mesh = Contents\Mesh\Circle.mesh
		Contents\Mesh\Head.mesh = Contents\Mesh\Head.mesh
		Contents\Mesh\Head2.mesh = Contents\Mesh\Head2.mesh
		Contents\Mesh\HumanCube.mesh = Contents\Mesh\HumanCube.mesh
		Contents\Mesh\LLeg.mesh = Contents\Mesh\LLeg.mesh
		Contents\Mesh\LLeg2.mesh = Contents\Mesh\LLeg2.mesh
		Contents\Mesh\RArm.mesh = Contents\Mesh\RArm.mesh
		Contents\Mesh\RArm2.mesh = Contents\Mesh\RArm2.mesh
		Contents\Mesh\Rectangle.mesh = Contents\Mesh\Rectangle.mesh
		Contents\Mesh\RLeg.mesh = Contents\Mesh\RLeg.mesh
		Contents\Mesh\RLeg2.mesh = Contents\Mesh\RLeg2.mesh
		Contents\Mesh\ui_code.mesh = Contents\Mesh\ui_code.mesh
	EndProjectSection
EndProject
Project("{2150E333-8FDC-42A3-9474-1A3956D46DE8}") = "Texture", "Texture", "{24D3644A-2017-4072-B147-CF6C1CB98037}"
	ProjectSection(SolutionItems) = preProject
		Contents\Texture\00Exite.png = Contents\Texture\00Exite.png
		Contents\Texture\00Pause.png = Contents\Texture\00Pause.png
		Contents\Texture\00Play.png = Contents\Texture\00Play.png
		Contents\Texture\2000000.png = Contents\Texture\2000000.png
		Contents\Texture\20000001.png = Contents\Texture\20000001.png
		Contents\Texture\2000001.png = Contents\Texture\2000001.png
		Contents\Texture\4_code.png = Contents\Texture\4_code.png
		Contents\Texture\4n_code.png = Contents\Texture\4n_code.png
		Contents\Texture\5_code.png = Contents\Texture\5_code.png
		Contents\Texture\5n_code.png = Contents\Texture\5n_code.png
		Contents\Texture\6_code.png = Contents\Texture\6_code.png
		Contents\Texture\6n_code.png = Contents\Texture\6n_code.png
		Contents\Texture\7_code.png = Contents\Texture\7_code.png
		Contents\Texture\7n_code.png = Contents\Texture\7n_code.png
		Contents\Texture\8_code.png = Contents\Texture\8_code.png
		Contents\Texture\8n_code.png = Contents\Texture\8n_code.png
		Contents\Texture\9_code.png = Contents\Texture\9_code.png
		Contents\Texture\9n_code.png = Contents\Texture\9n_code.png
		Contents\Texture\a_code.png = Contents\Texture\a_code.png
		Contents\Texture\an_code.png = Contents\Texture\an_code.png
		Contents\Texture\Bold.png = Contents\Texture\Bold.png
		Contents\Texture\d_code.png = Contents\Texture\d_code.png
		Contents\Texture\deadpool.png = Contents\Texture\deadpool.png
		Contents\Texture\dn_code.png = Contents\Texture\dn_code.png
		Contents\Texture\duck.png = Contents\Texture\duck.png
		Contents\Texture\e_code.png = Contents\Texture\e_code.png
		Contents\Texture\en_code.png = Contents\Texture\en_code.png
		Contents\Texture\exitbutton.png = Contents\Texture\exitbutton.png
		Contents\Texture\Logo.png = Contents\Texture\Logo.png
		Contents\Texture\mainbg1.png = Contents\Texture\mainbg1.png
		Contents\Texture\mainbg2.jpg = Contents\Texture\mainbg2.jpg
		Contents\Texture\mainbg3.jpg = Contents\Texture\mainbg3.jpg
		Contents\Texture\mainbg3.png = Contents\Texture\mainbg3.png
		Contents\Texture\mainbg4.jpg = Contents\Texture\mainbg4.jpg
		Contents\Texture\mainbg4.png = Contents\Texture\mainbg4.png
		Contents\Texture\NOPEEING.png = Contents\Texture\NOPEEING.png
		Contents\Texture\park.png = Contents\Texture\park.png
		Contents\Texture\pausebutton.png = Contents\Texture\pausebutton.png
		Contents\Texture\pelp.png = Contents\Texture\pelp.png
		Contents\Texture\playbutton.png = Contents\Texture\playbutton.png
		Contents\Texture\q_code.png = Contents\Texture\q_code.png
		Contents\Texture\qn_code.png = Contents\Texture\qn_code.png
		Contents\Texture\s_code.png = Contents\Texture\s_code.png
		Contents\Texture\sample.png = Contents\Texture\sample.png
		Contents\Texture\sn_code.png = Contents\Texture\sn_code.png
		Contents\Texture\Start.png = Contents\Texture\Start.png
		Contents\Texture\swim.png = Contents\Texture\swim.png
		Contents\Texture\swim2.png = Contents\Texture\swim2.png
		Contents\Texture\tile.png = Contents\Texture\tile.png
		Contents\Texture\tile2.png = Contents\Texture\tile2.png
		Contents\Texture\VS.png = Contents\Texture\VS.png
		Contents\Texture\w_code.png = Contents\Texture\w_code.png
		Contents\Texture\water.png = Contents\Texture\water.png
		Contents\Texture\win.png = Contents\Texture\win.png
		Contents\Texture\window.png = Contents\Texture\window.png
		Contents\Texture\wn_code.png = Contents\Texture\wn_code.png
	EndProjectSection
EndProject
Global
	GlobalSection(SolutionConfigurationPlatforms) = preSolution
		Debug|x64 = Debug|x64
		Debug|x86 = Debug|x86
		Release|x64 = Release|x64
		Release|x86 = Release|x86
	EndGlobalSection
	GlobalSection(ProjectConfigurationPlatforms) = postSolution
		{C2138BC9-A195-455F-91A6-5FF469EB5E61}.Debug|x64.ActiveCfg = Debug|x64
		{C2138BC9-A195-455F-91A6-5FF469EB5E61}.Debug|x64.Build.0 = Debug|x64
		{C2138BC9-A195-455F-91A6-5FF469EB5E61}.Debug|x86.ActiveCfg = Debug|Win32
		{C2138BC9-A195-455F-91A6-5FF469EB5E61}.Debug|x86.Build.0 = Debug|Win32
		{C2138BC9-A195-455F-91A6-5FF469EB5E61}.Release|x64.ActiveCfg = Release|x64
		{C2138BC9-A195-455F-91A6-5FF469EB5E61}.Release|x64.Build.0 = Release|x64
		{C2138BC9-A195-455F-91A6-5FF469EB5E61}.Release|x86.ActiveCfg = Release|Win32
		{C2138BC9-A195-455F-91A6-5FF469EB5E61}.Release|x86.Build.0 = Release|Win32
		{62755BC4-7433-469B-8413-314F6EC62971}.Debug|x64.ActiveCfg = Debug|x64
		{62755BC4-7433-469B-8413-314F6EC62971}.Debug|x64.Build.0 = Debug|x64
		{62755BC4-7433-469B-8413-314F6EC62971}.Debug|x86.ActiveCfg = Debug|Win32
		{62755BC4-7433-469B-8413-314F6EC62971}.Debug|x86.Build.0 = Debug|Win32
		{62755BC4-7433-469B-8413-314F6EC62971}.Release|x64.ActiveCfg = Release|x64
		{62755BC4-7433-469B-8413-314F6EC62971}.Release|x64.Build.0 = Release|x64
		{62755BC4-7433-469B-8413-314F6EC62971}.Release|x86.ActiveCfg = Release|Win32
		{62755BC4-7433-469B-8413-314F6EC62971}.Release|x86.Build.0 = Release|Win32
		{E4AABC26-46D5-436A-BE00-FF12933156D1}.Debug|x64.ActiveCfg = Debug|x64
		{E4AABC26-46D5-436A-BE00-FF12933156D1}.Debug|x64.Build.0 = Debug|x64
		{E4AABC26-46D5-436A-BE00-FF12933156D1}.Debug|x86.ActiveCfg = Debug|Win32
		{E4AABC26-46D5-436A-BE00-FF12933156D1}.Debug|x86.Build.0 = Debug|Win32
		{E4AABC26-46D5-436A-BE00-FF12933156D1}.Release|x64.ActiveCfg = Release|x64
		{E4AABC26-46D5-436A-BE00-FF12933156D1}.Release|x64.Build.0 = Release|x64
		{E4AABC26-46D5-436A-BE00-FF12933156D1}.Release|x86.ActiveCfg = Release|Win32
		{E4AABC26-46D5-436A-BE00-FF12933156D1}.Release|x86.Build.0 = Release|Win32
	EndGlobalSection
	GlobalSection(SolutionProperties) = preSolution
		HideSolutionNode = FALSE
	EndGlobalSection
	GlobalSection(ExtensibilityGlobals) = postSolution
		SolutionGuid = {9E65A645-0ED0-45FC-8214-114C1DE27774}
	EndGlobalSection
EndGlobal
